
Microsoft Visual Studio Solution File, Format Version 12.00
# Visual Studio Version 17
VisualStudioVersion = 17.0.31903.59
MinimumVisualStudioVersion = 10.0.40219.1
Project("{FAE04EC0-301F-11D3-BF4B-00C04F79EFBC}") = "SpaceBattle.Lib", "SpaceBattle.Lib\SpaceBattle.Lib.csproj", "{F8386B19-5DBC-40BE-9D34-CA4B4ED0FD2E}"
EndProject
Project("{FAE04EC0-301F-11D3-BF4B-00C04F79EFBC}") = "SpaceBattle.Lib.Test", "SpaceBattle.Lib.Test\SpaceBattle.Lib.Test.csproj", "{534801BD-A8F4-4B24-A150-7F9E3AF890CD}"
EndProject
Global
	GlobalSection(SolutionConfigurationPlatforms) = preSolution
		Debug|Any CPU = Debug|Any CPU
		Release|Any CPU = Release|Any CPU
	EndGlobalSection
	GlobalSection(SolutionProperties) = preSolution
		HideSolutionNode = FALSE
	EndGlobalSection
	GlobalSection(ProjectConfigurationPlatforms) = postSolution
		{F8386B19-5DBC-40BE-9D34-CA4B4ED0FD2E}.Debug|Any CPU.ActiveCfg = Debug|Any CPU
		{F8386B19-5DBC-40BE-9D34-CA4B4ED0FD2E}.Debug|Any CPU.Build.0 = Debug|Any CPU
		{F8386B19-5DBC-40BE-9D34-CA4B4ED0FD2E}.Release|Any CPU.ActiveCfg = Release|Any CPU
		{F8386B19-5DBC-40BE-9D34-CA4B4ED0FD2E}.Release|Any CPU.Build.0 = Release|Any CPU
		{534801BD-A8F4-4B24-A150-7F9E3AF890CD}.Debug|Any CPU.ActiveCfg = Debug|Any CPU
		{534801BD-A8F4-4B24-A150-7F9E3AF890CD}.Debug|Any CPU.Build.0 = Debug|Any CPU
		{534801BD-A8F4-4B24-A150-7F9E3AF890CD}.Release|Any CPU.ActiveCfg = Release|Any CPU
		{534801BD-A8F4-4B24-A150-7F9E3AF890CD}.Release|Any CPU.Build.0 = Release|Any CPU
	EndGlobalSection
EndGlobal
